
Microsoft Visual Studio Solution File, Format Version 12.00
# Visual Studio Version 17
VisualStudioVersion = 17.5.33627.172
MinimumVisualStudioVersion = 10.0.40219.1
Project("{FAE04EC0-301F-11D3-BF4B-00C04F79EFBC}") = "BioCrone", "BioCrone\BioCrone.csproj", "{F45062C0-AC52-487A-8750-8EA84210659A}"
EndProject
Global
	GlobalSection(SolutionConfigurationPlatforms) = preSolution
		Debug|Any CPU = Debug|Any CPU
		Release|Any CPU = Release|Any CPU
	EndGlobalSection
	GlobalSection(ProjectConfigurationPlatforms) = postSolution
		{F45062C0-AC52-487A-8750-8EA84210659A}.Debug|Any CPU.ActiveCfg = Debug|Any CPU
		{F45062C0-AC52-487A-8750-8EA84210659A}.Debug|Any CPU.Build.0 = Debug|Any CPU
		{F45062C0-AC52-487A-8750-8EA84210659A}.Release|Any CPU.ActiveCfg = Release|Any CPU
		{F45062C0-AC52-487A-8750-8EA84210659A}.Release|Any CPU.Build.0 = Release|Any CPU
	EndGlobalSection
	GlobalSection(SolutionProperties) = preSolution
		HideSolutionNode = FALSE
	EndGlobalSection
	GlobalSection(ExtensibilityGlobals) = postSolution
		SolutionGuid = {64B8CA98-899E-47C3-867F-894981160CFA}
	EndGlobalSection
EndGlobal
